# THIS IS AN AUTOGENERATED FILE. DO NOT EDIT THIS FILE DIRECTLY.
# yarn lockfile v1


basiclightbox@^5.0.4:
  version "5.0.4"
  resolved "https://registry.yarnpkg.com/basiclightbox/-/basiclightbox-5.0.4.tgz#5367d6d468ae44406e51b8486cfb8751f36f1fb2"
  integrity sha512-EsuNWmfcFXWZOe0txKXsllYOC7bDpoaVLc4HHHlYKB/roymlZs+FBdLUU6rx2yPpnJZhulwheKdPjqr2k0+NGQ==

simplelightbox@^2.12.1:
  version "2.12.1"
  resolved "https://registry.yarnpkg.com/simplelightbox/-/simplelightbox-2.12.1.tgz#bae1061889be1d03dcfcabd7b3390405fddc94f8"
  integrity sha512-eakBM55H6xc6j79tj1Mo82J2GeUyujyOMW26s+Z7HGNMwsXBxA+oQJ0q7w3L9joKAtmceLWZUrnZnQBm4PnfCA==
